# THIS IS AN AUTOGENERATED FILE. DO NOT EDIT THIS FILE DIRECTLY.
# yarn lockfile v1


"@vant/weapp@^1.10.16":
  version "1.10.16"
  resolved "https://registry.npmmirror.com/@vant/weapp/-/weapp-1.10.16.tgz#384631fc357b4b07497fdd977892993b3333e1dd"
  integrity sha512-6ewSFv0w4ckKyuimn/tSdSVdDg5IgontD6/g19w+kshm2x39aajWqxSs3HjW2+Cde+NG2ri949R+00+NFcVHPw==
